{"packages":{"puremvc-dart-multicore-framework":{"version":"0.0.0","source":"git","description":{"url":"git://github.com/PureMVC/puremvc-dart-multicore-framework.git","ref":null,"resolved-ref":"af7cc937fd0fbe6a765078a56f6fe77446bdb8ce"}},"sqljocky":{"version":"0.0.1","source":"git","description":{"url":"git://github.com/jamesots/sqljocky.git","ref":null,"resolved-ref":"5caa114b4876557afbefb0ac826aff5303064e74"}},"dart-uuid":{"version":"0.0.2","source":"git","description":{"url":"git://github.com/Daegalus/dart-uuid.git","ref":null,"resolved-ref":"e920ae50ecdec68ea1b3c669fd1a6b013a00efd5"}},"logging":{"version":"0.0.0-r.11700","source":"sdk","description":"logging"},"unittest":{"version":"0.0.0-r.11700","source":"sdk","description":"unittest"}}}